// !$*UTF8*$!
{
	archiveVersion = 1;
	classes = {
	};
	objectVersion = 50;
	objects = {

/* Begin PBXBuildFile section */
		AADE6D695D07CCB4ACD7B514 /* Pods_RxSwiftPractice.framework in Frameworks */ = {isa = PBXBuildFile; fileRef = 153C2C69D1AFBDEA6BAC58B2 /* Pods_RxSwiftPractice.framework */; };
		EF5696B421BEB81700F26332 /* AppDelegate.swift in Sources */ = {isa = PBXBuildFile; fileRef = EF5696B321BEB81700F26332 /* AppDelegate.swift */; };
		EF5696B621BEB81700F26332 /* ViewController.swift in Sources */ = {isa = PBXBuildFile; fileRef = EF5696B521BEB81700F26332 /* ViewController.swift */; };
		EF5696B921BEB81700F26332 /* Main.storyboard in Resources */ = {isa = PBXBuildFile; fileRef = EF5696B721BEB81700F26332 /* Main.storyboard */; };
		EF5696BB21BEB81900F26332 /* Assets.xcassets in Resources */ = {isa = PBXBuildFile; fileRef = EF5696BA21BEB81900F26332 /* Assets.xcassets */; };
		EF5696BE21BEB81900F26332 /* LaunchScreen.storyboard in Resources */ = {isa = PBXBuildFile; fileRef = EF5696BC21BEB81900F26332 /* LaunchScreen.storyboard */; };
		EF5696C921BEB81900F26332 /* RxSwiftPracticeTests.swift in Sources */ = {isa = PBXBuildFile; fileRef = EF5696C821BEB81900F26332 /* RxSwiftPracticeTests.swift */; };
		EF8153C021BED0710043ABE1 /* TimeOutAndRetryViewController.swift in Sources */ = {isa = PBXBuildFile; fileRef = EF8153BE21BED0710043ABE1 /* TimeOutAndRetryViewController.swift */; };
		EF8153C121BED0710043ABE1 /* TimeOutAndRetryViewController.xib in Resources */ = {isa = PBXBuildFile; fileRef = EF8153BF21BED0710043ABE1 /* TimeOutAndRetryViewController.xib */; };
/* End PBXBuildFile section */

/* Begin PBXContainerItemProxy section */
		EF5696C521BEB81900F26332 /* PBXContainerItemProxy */ = {
			isa = PBXContainerItemProxy;
			containerPortal = EF5696A821BEB81700F26332 /* Project object */;
			proxyType = 1;
			remoteGlobalIDString = EF5696AF21BEB81700F26332;
			remoteInfo = RxSwiftPractice;
		};
/* End PBXContainerItemProxy section */

/* Begin PBXFileReference section */
		08F5A2751F7BDEB3F1851F67 /* Pods-RxSwiftPractice.release.xcconfig */ = {isa = PBXFileReference; includeInIndex = 1; lastKnownFileType = text.xcconfig; name = "Pods-RxSwiftPractice.release.xcconfig"; path = "Pods/Target Support Files/Pods-RxSwiftPractice/Pods-RxSwiftPractice.release.xcconfig"; sourceTree = "<group>"; };
		153C2C69D1AFBDEA6BAC58B2 /* Pods_RxSwiftPractice.framework */ = {isa = PBXFileReference; explicitFileType = wrapper.framework; includeInIndex = 0; path = Pods_RxSwiftPractice.framework; sourceTree = BUILT_PRODUCTS_DIR; };
		49BA2F6FA600CCF05A96E5D3 /* Pods-RxSwiftPractice.debug.xcconfig */ = {isa = PBXFileReference; includeInIndex = 1; lastKnownFileType = text.xcconfig; name = "Pods-RxSwiftPractice.debug.xcconfig"; path = "Pods/Target Support Files/Pods-RxSwiftPractice/Pods-RxSwiftPractice.debug.xcconfig"; sourceTree = "<group>"; };
		EF5696B021BEB81700F26332 /* RxSwiftPractice.app */ = {isa = PBXFileReference; explicitFileType = wrapper.application; includeInIndex = 0; path = RxSwiftPractice.app; sourceTree = BUILT_PRODUCTS_DIR; };
		EF5696B321BEB81700F26332 /* AppDelegate.swift */ = {isa = PBXFileReference; lastKnownFileType = sourcecode.swift; path = AppDelegate.swift; sourceTree = "<group>"; };
		EF5696B521BEB81700F26332 /* ViewController.swift */ = {isa = PBXFileReference; lastKnownFileType = sourcecode.swift; path = ViewController.swift; sourceTree = "<group>"; };
		EF5696B821BEB81700F26332 /* Base */ = {isa = PBXFileReference; lastKnownFileType = file.storyboard; name = Base; path = Base.lproj/Main.storyboard; sourceTree = "<group>"; };
		EF5696BA21BEB81900F26332 /* Assets.xcassets */ = {isa = PBXFileReference; lastKnownFileType = folder.assetcatalog; path = Assets.xcassets; sourceTree = "<group>"; };
		EF5696BD21BEB81900F26332 /* Base */ = {isa = PBXFileReference; lastKnownFileType = file.storyboard; name = Base; path = Base.lproj/LaunchScreen.storyboard; sourceTree = "<group>"; };
		EF5696BF21BEB81900F26332 /* Info.plist */ = {isa = PBXFileReference; lastKnownFileType = text.plist.xml; path = Info.plist; sourceTree = "<group>"; };
		EF5696C421BEB81900F26332 /* RxSwiftPracticeTests.xctest */ = {isa = PBXFileReference; explicitFileType = wrapper.cfbundle; includeInIndex = 0; path = RxSwiftPracticeTests.xctest; sourceTree = BUILT_PRODUCTS_DIR; };
		EF5696C821BEB81900F26332 /* RxSwiftPracticeTests.swift */ = {isa = PBXFileReference; lastKnownFileType = sourcecode.swift; path = RxSwiftPracticeTests.swift; sourceTree = "<group>"; };
		EF5696CA21BEB81900F26332 /* Info.plist */ = {isa = PBXFileReference; lastKnownFileType = text.plist.xml; path = Info.plist; sourceTree = "<group>"; };
		EF8153BE21BED0710043ABE1 /* TimeOutAndRetryViewController.swift */ = {isa = PBXFileReference; lastKnownFileType = sourcecode.swift; path = TimeOutAndRetryViewController.swift; sourceTree = "<group>"; };
		EF8153BF21BED0710043ABE1 /* TimeOutAndRetryViewController.xib */ = {isa = PBXFileReference; lastKnownFileType = file.xib; path = TimeOutAndRetryViewController.xib; sourceTree = "<group>"; };
/* End PBXFileReference section */

/* Begin PBXFrameworksBuildPhase section */
		EF5696AD21BEB81700F26332 /* Frameworks */ = {
			isa = PBXFrameworksBuildPhase;
			buildActionMask = 2147483647;
			files = (
				AADE6D695D07CCB4ACD7B514 /* Pods_RxSwiftPractice.framework in Frameworks */,
			);
			runOnlyForDeploymentPostprocessing = 0;
		};
		EF5696C121BEB81900F26332 /* Frameworks */ = {
			isa = PBXFrameworksBuildPhase;
			buildActionMask = 2147483647;
			files = (
			);
			runOnlyForDeploymentPostprocessing = 0;
		};
/* End PBXFrameworksBuildPhase section */

/* Begin PBXGroup section */
		5F9563D4C6F895485DEC10F5 /* Pods */ = {
			isa = PBXGroup;
			children = (
				49BA2F6FA600CCF05A96E5D3 /* Pods-RxSwiftPractice.debug.xcconfig */,
				08F5A2751F7BDEB3F1851F67 /* Pods-RxSwiftPractice.release.xcconfig */,
			);
			name = Pods;
			sourceTree = "<group>";
		};
		7E29E023E3F378B61941E523 /* Frameworks */ = {
			isa = PBXGroup;
			children = (
				153C2C69D1AFBDEA6BAC58B2 /* Pods_RxSwiftPractice.framework */,
			);
			name = Frameworks;
			sourceTree = "<group>";
		};
		EF5696A721BEB81700F26332 = {
			isa = PBXGroup;
			children = (
				EF5696B221BEB81700F26332 /* RxSwiftPractice */,
				EF5696C721BEB81900F26332 /* RxSwiftPracticeTests */,
				EF5696B121BEB81700F26332 /* Products */,
				5F9563D4C6F895485DEC10F5 /* Pods */,
				7E29E023E3F378B61941E523 /* Frameworks */,
			);
			sourceTree = "<group>";
		};
		EF5696B121BEB81700F26332 /* Products */ = {
			isa = PBXGroup;
			children = (
				EF5696B021BEB81700F26332 /* RxSwiftPractice.app */,
				EF5696C421BEB81900F26332 /* RxSwiftPracticeTests.xctest */,
			);
			name = Products;
			sourceTree = "<group>";
		};
		EF5696B221BEB81700F26332 /* RxSwiftPractice */ = {
			isa = PBXGroup;
			children = (
				EF5696B321BEB81700F26332 /* AppDelegate.swift */,
				EF5696B521BEB81700F26332 /* ViewController.swift */,
				EF5696B721BEB81700F26332 /* Main.storyboard */,
				EF5696BA21BEB81900F26332 /* Assets.xcassets */,
				EF5696BC21BEB81900F26332 /* LaunchScreen.storyboard */,
				EF5696BF21BEB81900F26332 /* Info.plist */,
				EF8153BE21BED0710043ABE1 /* TimeOutAndRetryViewController.swift */,
				EF8153BF21BED0710043ABE1 /* TimeOutAndRetryViewController.xib */,
			);
			path = RxSwiftPractice;
			sourceTree = "<group>";
		};
		EF5696C721BEB81900F26332 /* RxSwiftPracticeTests */ = {
			isa = PBXGroup;
			children = (
				EF5696C821BEB81900F26332 /* RxSwiftPracticeTests.swift */,
				EF5696CA21BEB81900F26332 /* Info.plist */,
			);
			path = RxSwiftPracticeTests;
			sourceTree = "<group>";
		};
/* End PBXGroup section */

/* Begin PBXNativeTarget section */
		EF5696AF21BEB81700F26332 /* RxSwiftPractice */ = {
			isa = PBXNativeTarget;
			buildConfigurationList = EF5696CD21BEB81900F26332 /* Build configuration list for PBXNativeTarget "RxSwiftPractice" */;
			buildPhases = (
				93D84892EBDD4C4A5C15A5CE /* [CP] Check Pods Manifest.lock */,
				EF5696AC21BEB81700F26332 /* Sources */,
				EF5696AD21BEB81700F26332 /* Frameworks */,
				EF5696AE21BEB81700F26332 /* Resources */,
				9A1C2DCABB7A18E9FC2842FC /* [CP] Embed Pods Frameworks */,
			);
			buildRules = (
			);
			dependencies = (
			);
			name = RxSwiftPractice;
			productName = RxSwiftPractice;
			productReference = EF5696B021BEB81700F26332 /* RxSwiftPractice.app */;
			productType = "com.apple.product-type.application";
		};
		EF5696C321BEB81900F26332 /* RxSwiftPracticeTests */ = {
			isa = PBXNativeTarget;
			buildConfigurationList = EF5696D021BEB81900F26332 /* Build configuration list for PBXNativeTarget "RxSwiftPracticeTests" */;
			buildPhases = (
				EF5696C021BEB81900F26332 /* Sources */,
				EF5696C121BEB81900F26332 /* Frameworks */,
				EF5696C221BEB81900F26332 /* Resources */,
			);
			buildRules = (
			);
			dependencies = (
				EF5696C621BEB81900F26332 /* PBXTargetDependency */,
			);
			name = RxSwiftPracticeTests;
			productName = RxSwiftPracticeTests;
			productReference = EF5696C421BEB81900F26332 /* RxSwiftPracticeTests.xctest */;
			productType = "com.apple.product-type.bundle.unit-test";
		};
/* End PBXNativeTarget section */

/* Begin PBXProject section */
		EF5696A821BEB81700F26332 /* Project object */ = {
			isa = PBXProject;
			attributes = {
				LastSwiftUpdateCheck = 1010;
				LastUpgradeCheck = 1010;
				ORGANIZATIONNAME = bupozhuang;
				TargetAttributes = {
					EF5696AF21BEB81700F26332 = {
						CreatedOnToolsVersion = 10.1;
					};
					EF5696C321BEB81900F26332 = {
						CreatedOnToolsVersion = 10.1;
						TestTargetID = EF5696AF21BEB81700F26332;
					};
				};
			};
			buildConfigurationList = EF5696AB21BEB81700F26332 /* Build configuration list for PBXProject "RxSwiftPractice" */;
			compatibilityVersion = "Xcode 9.3";
			developmentRegion = en;
			hasScannedForEncodings = 0;
			knownRegions = (
				en,
				Base,
			);
			mainGroup = EF5696A721BEB81700F26332;
			productRefGroup = EF5696B121BEB81700F26332 /* Products */;
			projectDirPath = "";
			projectRoot = "";
			targets = (
				EF5696AF21BEB81700F26332 /* RxSwiftPractice */,
				EF5696C321BEB81900F26332 /* RxSwiftPracticeTests */,
			);
		};
/* End PBXProject section */

/* Begin PBXResourcesBuildPhase section */
		EF5696AE21BEB81700F26332 /* Resources */ = {
			isa = PBXResourcesBuildPhase;
			buildActionMask = 2147483647;
			files = (
				EF5696BE21BEB81900F26332 /* LaunchScreen.storyboard in Resources */,
				EF5696BB21BEB81900F26332 /* Assets.xcassets in Resources */,
				EF5696B921BEB81700F26332 /* Main.storyboard in Resources */,
				EF8153C121BED0710043ABE1 /* TimeOutAndRetryViewController.xib in Resources */,
			);
			runOnlyForDeploymentPostprocessing = 0;
		};
		EF5696C221BEB81900F26332 /* Resources */ = {
			isa = PBXResourcesBuildPhase;
			buildActionMask = 2147483647;
			files = (
			);
			runOnlyForDeploymentPostprocessing = 0;
		};
/* End PBXResourcesBuildPhase section */

/* Begin PBXShellScriptBuildPhase section */
		93D84892EBDD4C4A5C15A5CE /* [CP] Check Pods Manifest.lock */ = {
			isa = PBXShellScriptBuildPhase;
			buildActionMask = 2147483647;
			files = (
			);
			inputPaths = (
				"${PODS_PODFILE_DIR_PATH}/Podfile.lock",
				"${PODS_ROOT}/Manifest.lock",
			);
			name = "[CP] Check Pods Manifest.lock";
			outputPaths = (
				"$(DERIVED_FILE_DIR)/Pods-RxSwiftPractice-checkManifestLockResult.txt",
			);
			runOnlyForDeploymentPostprocessing = 0;
			shellPath = /bin/sh;
			shellScript = "diff \"${PODS_PODFILE_DIR_PATH}/Podfile.lock\" \"${PODS_ROOT}/Manifest.lock\" > /dev/null\nif [ $? != 0 ] ; then\n    # print error to STDERR\n    echo \"error: The sandbox is not in sync with the Podfile.lock. Run 'pod install' or update your CocoaPods installation.\" >&2\n    exit 1\nfi\n# This output is used by Xcode 'outputs' to avoid re-running this script phase.\necho \"SUCCESS\" > \"${SCRIPT_OUTPUT_FILE_0}\"\n";
			showEnvVarsInLog = 0;
		};
		9A1C2DCABB7A18E9FC2842FC /* [CP] Embed Pods Frameworks */ = {
			isa = PBXShellScriptBuildPhase;
			buildActionMask = 2147483647;
			files = (
			);
			inputPaths = (
				"${SRCROOT}/Pods/Target Support Files/Pods-RxSwiftPractice/Pods-RxSwiftPractice-frameworks.sh",
				"${BUILT_PRODUCTS_DIR}/RxAtomic/RxAtomic.framework",
				"${BUILT_PRODUCTS_DIR}/RxCocoa/RxCocoa.framework",
				"${BUILT_PRODUCTS_DIR}/RxSwift/RxSwift.framework",
			);
			name = "[CP] Embed Pods Frameworks";
			outputPaths = (
				"${TARGET_BUILD_DIR}/${FRAMEWORKS_FOLDER_PATH}/RxAtomic.framework",
				"${TARGET_BUILD_DIR}/${FRAMEWORKS_FOLDER_PATH}/RxCocoa.framework",
				"${TARGET_BUILD_DIR}/${FRAMEWORKS_FOLDER_PATH}/RxSwift.framework",
			);
			runOnlyForDeploymentPostprocessing = 0;
			shellPath = /bin/sh;
			shellScript = "\"${SRCROOT}/Pods/Target Support Files/Pods-RxSwiftPractice/Pods-RxSwiftPractice-frameworks.sh\"\n";
			showEnvVarsInLog = 0;
		};
/* End PBXShellScriptBuildPhase section */

/* Begin PBXSourcesBuildPhase section */
		EF5696AC21BEB81700F26332 /* Sources */ = {
			isa = PBXSourcesBuildPhase;
			buildActionMask = 2147483647;
			files = (
				EF8153C021BED0710043ABE1 /* TimeOutAndRetryViewController.swift in Sources */,
				EF5696B621BEB81700F26332 /* ViewController.swift in Sources */,
				EF5696B421BEB81700F26332 /* AppDelegate.swift in Sources */,
			);
			runOnlyForDeploymentPostprocessing = 0;
		};
		EF5696C021BEB81900F26332 /* Sources */ = {
			isa = PBXSourcesBuildPhase;
			buildActionMask = 2147483647;
			files = (
				EF5696C921BEB81900F26332 /* RxSwiftPracticeTests.swift in Sources */,
			);
			runOnlyForDeploymentPostprocessing = 0;
		};
/* End PBXSourcesBuildPhase section */

/* Begin PBXTargetDependency section */
		EF5696C621BEB81900F26332 /* PBXTargetDependency */ = {
			isa = PBXTargetDependency;
			target = EF5696AF21BEB81700F26332 /* RxSwiftPractice */;
			targetProxy = EF5696C521BEB81900F26332 /* PBXContainerItemProxy */;
		};
/* End PBXTargetDependency section */

/* Begin PBXVariantGroup section */
		EF5696B721BEB81700F26332 /* Main.storyboard */ = {
			isa = PBXVariantGroup;
			children = (
				EF5696B821BEB81700F26332 /* Base */,
			);
			name = Main.storyboard;
			sourceTree = "<group>";
		};
		EF5696BC21BEB81900F26332 /* LaunchScreen.storyboard */ = {
			isa = PBXVariantGroup;
			children = (
				EF5696BD21BEB81900F26332 /* Base */,
			);
			name = LaunchScreen.storyboard;
			sourceTree = "<group>";
		};
/* End PBXVariantGroup section */

/* Begin XCBuildConfiguration section */
		EF5696CB21BEB81900F26332 /* Debug */ = {
			isa = XCBuildConfiguration;
			buildSettings = {
				ALWAYS_SEARCH_USER_PATHS = NO;
				CLANG_ANALYZER_NONNULL = YES;
				CLANG_ANALYZER_NUMBER_OBJECT_CONVERSION = YES_AGGRESSIVE;
				CLANG_CXX_LANGUAGE_STANDARD = "gnu++14";
				CLANG_CXX_LIBRARY = "libc++";
				CLANG_ENABLE_MODULES = YES;
				CLANG_ENABLE_OBJC_ARC = YES;
				CLANG_ENABLE_OBJC_WEAK = YES;
				CLANG_WARN_BLOCK_CAPTURE_AUTORELEASING = YES;
				CLANG_WARN_BOOL_CONVERSION = YES;
				CLANG_WARN_COMMA = YES;
				CLANG_WARN_CONSTANT_CONVERSION = YES;
				CLANG_WARN_DEPRECATED_OBJC_IMPLEMENTATIONS = YES;
				CLANG_WARN_DIRECT_OBJC_ISA_USAGE = YES_ERROR;
				CLANG_WARN_DOCUMENTATION_COMMENTS = YES;
				CLANG_WARN_EMPTY_BODY = YES;
				CLANG_WARN_ENUM_CONVERSION = YES;
				CLANG_WARN_INFINITE_RECURSION = YES;
				CLANG_WARN_INT_CONVERSION = YES;
				CLANG_WARN_NON_LITERAL_NULL_CONVERSION = YES;
				CLANG_WARN_OBJC_IMPLICIT_RETAIN_SELF = YES;
				CLANG_WARN_OBJC_LITERAL_CONVERSION = YES;
				CLANG_WARN_OBJC_ROOT_CLASS = YES_ERROR;
				CLANG_WARN_RANGE_LOOP_ANALYSIS = YES;
				CLANG_WARN_STRICT_PROTOTYPES = YES;
				CLANG_WARN_SUSPICIOUS_MOVE = YES;
				CLANG_WARN_UNGUARDED_AVAILABILITY = YES_AGGRESSIVE;
				CLANG_WARN_UNREACHABLE_CODE = YES;
				CLANG_WARN__DUPLICATE_METHOD_MATCH = YES;
				CODE_SIGN_IDENTITY = "iPhone Developer";
				COPY_PHASE_STRIP = NO;
				DEBUG_INFORMATION_FORMAT = dwarf;
				ENABLE_STRICT_OBJC_MSGSEND = YES;
				ENABLE_TESTABILITY = YES;
				GCC_C_LANGUAGE_STANDARD = gnu11;
				GCC_DYNAMIC_NO_PIC = NO;
				GCC_NO_COMMON_BLOCKS = YES;
				GCC_OPTIMIZATION_LEVEL = 0;
				GCC_PREPROCESSOR_DEFINITIONS = (
					"DEBUG=1",
					"$(inherited)",
				);
				GCC_WARN_64_TO_32_BIT_CONVERSION = YES;
				GCC_WARN_ABOUT_RETURN_TYPE = YES_ERROR;
				GCC_WARN_UNDECLARED_SELECTOR = YES;
				GCC_WARN_UNINITIALIZED_AUTOS = YES_AGGRESSIVE;
				GCC_WARN_UNUSED_FUNCTION = YES;
				GCC_WARN_UNUSED_VARIABLE = YES;
				IPHONEOS_DEPLOYMENT_TARGET = 12.1;
				MTL_ENABLE_DEBUG_INFO = INCLUDE_SOURCE;
				MTL_FAST_MATH = YES;
				ONLY_ACTIVE_ARCH = YES;
				SDKROOT = iphoneos;
				SWIFT_ACTIVE_COMPILATION_CONDITIONS = DEBUG;
				SWIFT_OPTIMIZATION_LEVEL = "-Onone";
			};
			name = Debug;
		};
		EF5696CC21BEB81900F26332 /* Release */ = {
			isa = XCBuildConfiguration;
			buildSettings = {
				ALWAYS_SEARCH_USER_PATHS = NO;
				CLANG_ANALYZER_NONNULL = YES;
				CLANG_ANALYZER_NUMBER_OBJECT_CONVERSION = YES_AGGRESSIVE;
				CLANG_CXX_LANGUAGE_STANDARD = "gnu++14";
				CLANG_CXX_LIBRARY = "libc++";
				CLANG_ENABLE_MODULES = YES;
				CLANG_ENABLE_OBJC_ARC = YES;
				CLANG_ENABLE_OBJC_WEAK = YES;
				CLANG_WARN_BLOCK_CAPTURE_AUTORELEASING = YES;
				CLANG_WARN_BOOL_CONVERSION = YES;
				CLANG_WARN_COMMA = YES;
				CLANG_WARN_CONSTANT_CONVERSION = YES;
				CLANG_WARN_DEPRECATED_OBJC_IMPLEMENTATIONS = YES;
				CLANG_WARN_DIRECT_OBJC_ISA_USAGE = YES_ERROR;
				CLANG_WARN_DOCUMENTATION_COMMENTS = YES;
				CLANG_WARN_EMPTY_BODY = YES;
				CLANG_WARN_ENUM_CONVERSION = YES;
				CLANG_WARN_INFINITE_RECURSION = YES;
				CLANG_WARN_INT_CONVERSION = YES;
				CLANG_WARN_NON_LITERAL_NULL_CONVERSION = YES;
				CLANG_WARN_OBJC_IMPLICIT_RETAIN_SELF = YES;
				CLANG_WARN_OBJC_LITERAL_CONVERSION = YES;
				CLANG_WARN_OBJC_ROOT_CLASS = YES_ERROR;
				CLANG_WARN_RANGE_LOOP_ANALYSIS = YES;
				CLANG_WARN_STRICT_PROTOTYPES = YES;
				CLANG_WARN_SUSPICIOUS_MOVE = YES;
				CLANG_WARN_UNGUARDED_AVAILABILITY = YES_AGGRESSIVE;
				CLANG_WARN_UNREACHABLE_CODE = YES;
				CLANG_WARN__DUPLICATE_METHOD_MATCH = YES;
				CODE_SIGN_IDENTITY = "iPhone Developer";
				COPY_PHASE_STRIP = NO;
				DEBUG_INFORMATION_FORMAT = "dwarf-with-dsym";
				ENABLE_NS_ASSERTIONS = NO;
				ENABLE_STRICT_OBJC_MSGSEND = YES;
				GCC_C_LANGUAGE_STANDARD = gnu11;
				GCC_NO_COMMON_BLOCKS = YES;
				GCC_WARN_64_TO_32_BIT_CONVERSION = YES;
				GCC_WARN_ABOUT_RETURN_TYPE = YES_ERROR;
				GCC_WARN_UNDECLARED_SELECTOR = YES;
				GCC_WARN_UNINITIALIZED_AUTOS = YES_AGGRESSIVE;
				GCC_WARN_UNUSED_FUNCTION = YES;
				GCC_WARN_UNUSED_VARIABLE = YES;
				IPHONEOS_DEPLOYMENT_TARGET = 12.1;
				MTL_ENABLE_DEBUG_INFO = NO;
				MTL_FAST_MATH = YES;
				SDKROOT = iphoneos;
				SWIFT_COMPILATION_MODE = wholemodule;
				SWIFT_OPTIMIZATION_LEVEL = "-O";
				VALIDATE_PRODUCT = YES;
			};
			name = Release;
		};
		EF5696CE21BEB81900F26332 /* Debug */ = {
			isa = XCBuildConfiguration;
			baseConfigurationReference = 49BA2F6FA600CCF05A96E5D3 /* Pods-RxSwiftPractice.debug.xcconfig */;
			buildSettings = {
				ASSETCATALOG_COMPILER_APPICON_NAME = AppIcon;
				CODE_SIGN_STYLE = Automatic;
				DEVELOPMENT_TEAM = SZ9W8Z7P5D;
				INFOPLIST_FILE = RxSwiftPractice/Info.plist;
				LD_RUNPATH_SEARCH_PATHS = (
					"$(inherited)",
					"@executable_path/Frameworks",
				);
				PRODUCT_BUNDLE_IDENTIFIER = dd.RxSwiftPractice;
				PRODUCT_NAME = "$(TARGET_NAME)";
				SWIFT_VERSION = 4.2;
				TARGETED_DEVICE_FAMILY = "1,2";
			};
			name = Debug;
		};
		EF5696CF21BEB81900F26332 /* Release */ = {
			isa = XCBuildConfiguration;
			baseConfigurationReference = 08F5A2751F7BDEB3F1851F67 /* Pods-RxSwiftPractice.release.xcconfig */;
			buildSettings = {
				ASSETCATALOG_COMPILER_APPICON_NAME = AppIcon;
				CODE_SIGN_STYLE = Automatic;
				DEVELOPMENT_TEAM = SZ9W8Z7P5D;
				INFOPLIST_FILE = RxSwiftPractice/Info.plist;
				LD_RUNPATH_SEARCH_PATHS = (
					"$(inherited)",
					"@executable_path/Frameworks",
				);
				PRODUCT_BUNDLE_IDENTIFIER = dd.RxSwiftPractice;
				PRODUCT_NAME = "$(TARGET_NAME)";
				SWIFT_VERSION = 4.2;
				TARGETED_DEVICE_FAMILY = "1,2";
			};
			name = Release;
		};
		EF5696D121BEB81900F26332 /* Debug */ = {
			isa = XCBuildConfiguration;
			buildSettings = {
				ALWAYS_EMBED_SWIFT_STANDARD_LIBRARIES = YES;
				BUNDLE_LOADER = "$(TEST_HOST)";
				CODE_SIGN_STYLE = Automatic;
				INFOPLIST_FILE = RxSwiftPracticeTests/Info.plist;
				LD_RUNPATH_SEARCH_PATHS = (
					"$(inherited)",
					"@executable_path/Frameworks",
					"@loader_path/Frameworks",
				);
				PRODUCT_BUNDLE_IDENTIFIER = dd.RxSwiftPracticeTests;
				PRODUCT_NAME = "$(TARGET_NAME)";
				SWIFT_VERSION = 4.2;
				TARGETED_DEVICE_FAMILY = "1,2";
				TEST_HOST = "$(BUILT_PRODUCTS_DIR)/RxSwiftPractice.app/RxSwiftPractice";
			};
			name = Debug;
		};
		EF5696D221BEB81900F26332 /* Release */ = {
			isa = XCBuildConfiguration;
			buildSettings = {
				ALWAYS_EMBED_SWIFT_STANDARD_LIBRARIES = YES;
				BUNDLE_LOADER = "$(TEST_HOST)";
				CODE_SIGN_STYLE = Automatic;
				INFOPLIST_FILE = RxSwiftPracticeTests/Info.plist;
				LD_RUNPATH_SEARCH_PATHS = (
					"$(inherited)",
					"@executable_path/Frameworks",
					"@loader_path/Frameworks",
				);
				PRODUCT_BUNDLE_IDENTIFIER = dd.RxSwiftPracticeTests;
				PRODUCT_NAME = "$(TARGET_NAME)";
				SWIFT_VERSION = 4.2;
				TARGETED_DEVICE_FAMILY = "1,2";
				TEST_HOST = "$(BUILT_PRODUCTS_DIR)/RxSwiftPractice.app/RxSwiftPractice";
			};
			name = Release;
		};
/* End XCBuildConfiguration section */

/* Begin XCConfigurationList section */
		EF5696AB21BEB81700F26332 /* Build configuration list for PBXProject "RxSwiftPractice" */ = {
			isa = XCConfigurationList;
			buildConfigurations = (
				EF5696CB21BEB81900F26332 /* Debug */,
				EF5696CC21BEB81900F26332 /* Release */,
			);
			defaultConfigurationIsVisible = 0;
			defaultConfigurationName = Release;
		};
		EF5696CD21BEB81900F26332 /* Build configuration list for PBXNativeTarget "RxSwiftPractice" */ = {
			isa = XCConfigurationList;
			buildConfigurations = (
				EF5696CE21BEB81900F26332 /* Debug */,
				EF5696CF21BEB81900F26332 /* Release */,
			);
			defaultConfigurationIsVisible = 0;
			defaultConfigurationName = Release;
		};
		EF5696D021BEB81900F26332 /* Build configuration list for PBXNativeTarget "RxSwiftPracticeTests" */ = {
			isa = XCConfigurationList;
			buildConfigurations = (
				EF5696D121BEB81900F26332 /* Debug */,
				EF5696D221BEB81900F26332 /* Release */,
			);
			defaultConfigurationIsVisible = 0;
			defaultConfigurationName = Release;
		};
/* End XCConfigurationList section */
	};
	rootObject = EF5696A821BEB81700F26332 /* Project object */;
}
